
Microsoft Visual Studio Solution File, Format Version 12.00
# Visual Studio Version 17
VisualStudioVersion = 17.0.32014.148
MinimumVisualStudioVersion = 10.0.40219.1
Project("{FAE04EC0-301F-11D3-BF4B-00C04F79EFBC}") = "Net6MinimalAPI", "Net6API\Net6MinimalAPI.csproj", "{8F3B382E-C20F-4D46-BC3F-FAC85B1855A7}"
EndProject
Global
	GlobalSection(SolutionConfigurationPlatforms) = preSolution
		Debug|Any CPU = Debug|Any CPU
		Release|Any CPU = Release|Any CPU
	EndGlobalSection
	GlobalSection(ProjectConfigurationPlatforms) = postSolution
		{8F3B382E-C20F-4D46-BC3F-FAC85B1855A7}.Debug|Any CPU.ActiveCfg = Debug|Any CPU
		{8F3B382E-C20F-4D46-BC3F-FAC85B1855A7}.Debug|Any CPU.Build.0 = Debug|Any CPU
		{8F3B382E-C20F-4D46-BC3F-FAC85B1855A7}.Release|Any CPU.ActiveCfg = Release|Any CPU
		{8F3B382E-C20F-4D46-BC3F-FAC85B1855A7}.Release|Any CPU.Build.0 = Release|Any CPU
	EndGlobalSection
	GlobalSection(SolutionProperties) = preSolution
		HideSolutionNode = FALSE
	EndGlobalSection
	GlobalSection(ExtensibilityGlobals) = postSolution
		SolutionGuid = {F0A6731C-78D9-4090-8A80-734D18937360}
	EndGlobalSection
EndGlobal
